
Microsoft Visual Studio Solution File, Format Version 12.00
# Visual Studio 15
VisualStudioVersion = 15.0.28307.2092
MinimumVisualStudioVersion = 10.0.40219.1
Project("{FAE04EC0-301F-11D3-BF4B-00C04F79EFBC}") = "reactWorld", "reactWorld.csproj", "{AAFE99B1-4B0C-4DB1-BC1C-11D77BE9A3EE}"
EndProject
Global
	GlobalSection(SolutionConfigurationPlatforms) = preSolution
		Debug|Any CPU = Debug|Any CPU
		Release|Any CPU = Release|Any CPU
	EndGlobalSection
	GlobalSection(ProjectConfigurationPlatforms) = postSolution
		{AAFE99B1-4B0C-4DB1-BC1C-11D77BE9A3EE}.Debug|Any CPU.ActiveCfg = Debug|Any CPU
		{AAFE99B1-4B0C-4DB1-BC1C-11D77BE9A3EE}.Debug|Any CPU.Build.0 = Debug|Any CPU
		{AAFE99B1-4B0C-4DB1-BC1C-11D77BE9A3EE}.Release|Any CPU.ActiveCfg = Release|Any CPU
		{AAFE99B1-4B0C-4DB1-BC1C-11D77BE9A3EE}.Release|Any CPU.Build.0 = Release|Any CPU
	EndGlobalSection
	GlobalSection(SolutionProperties) = preSolution
		HideSolutionNode = FALSE
	EndGlobalSection
	GlobalSection(ExtensibilityGlobals) = postSolution
		SolutionGuid = {36DFE436-AB84-4B38-8671-E4298432FB43}
	EndGlobalSection
EndGlobal
